
Microsoft Visual Studio Solution File, Format Version 12.00
# Visual Studio Version 17
VisualStudioVersion = 17.0.32126.317
MinimumVisualStudioVersion = 10.0.40219.1
Project("{8BC9CEB8-8B4A-11D0-8D11-00A0C91BC942}") = "hudextension", "hudextension.vcxproj", "{FC9A1EE6-D9DB-47F6-B0ED-8867439C43CE}"
	ProjectSection(ProjectDependencies) = postProject
		{5FD1C08D-DB80-480C-A1C6-F0920005CD13} = {5FD1C08D-DB80-480C-A1C6-F0920005CD13}
		{7028B79C-06E3-4D9A-B38C-1DC3680B1BDB} = {7028B79C-06E3-4D9A-B38C-1DC3680B1BDB}
		{472E19AB-DEF0-42DF-819B-18722E8DC822} = {472E19AB-DEF0-42DF-819B-18722E8DC822}
	EndProjectSection
EndProject
Project("{8BC9CEB8-8B4A-11D0-8D11-00A0C91BC942}") = "common_vc14", "..\common\common\common_vc14.vcxproj", "{472E19AB-DEF0-42DF-819B-18722E8DC822}"
EndProject
Project("{8BC9CEB8-8B4A-11D0-8D11-00A0C91BC942}") = "skse64_common", "..\skse64\skse64_common\skse64_common.vcxproj", "{5FD1C08D-DB80-480C-A1C6-F0920005CD13}"
EndProject
Project("{8BC9CEB8-8B4A-11D0-8D11-00A0C91BC942}") = "skse64", "..\skse64\skse64\skse64.vcxproj", "{7028B79C-06E3-4D9A-B38C-1DC3680B1BDB}"
EndProject
Global
	GlobalSection(SolutionConfigurationPlatforms) = preSolution
		Debug_Lib_VC142|x64 = Debug_Lib_VC142|x64
		Debug_VC142|x64 = Debug_VC142|x64
		Debug|x64 = Debug|x64
		Release_Lib_VC142|x64 = Release_Lib_VC142|x64
		Release_VC142|x64 = Release_VC142|x64
		Release|x64 = Release|x64
	EndGlobalSection
	GlobalSection(ProjectConfigurationPlatforms) = postSolution
		{FC9A1EE6-D9DB-47F6-B0ED-8867439C43CE}.Debug_Lib_VC142|x64.ActiveCfg = Debug|x64
		{FC9A1EE6-D9DB-47F6-B0ED-8867439C43CE}.Debug_Lib_VC142|x64.Build.0 = Debug|x64
		{FC9A1EE6-D9DB-47F6-B0ED-8867439C43CE}.Debug_VC142|x64.ActiveCfg = Debug|x64
		{FC9A1EE6-D9DB-47F6-B0ED-8867439C43CE}.Debug_VC142|x64.Build.0 = Debug|x64
		{FC9A1EE6-D9DB-47F6-B0ED-8867439C43CE}.Debug|x64.ActiveCfg = Debug|x64
		{FC9A1EE6-D9DB-47F6-B0ED-8867439C43CE}.Debug|x64.Build.0 = Debug|x64
		{FC9A1EE6-D9DB-47F6-B0ED-8867439C43CE}.Release_Lib_VC142|x64.ActiveCfg = Release|x64
		{FC9A1EE6-D9DB-47F6-B0ED-8867439C43CE}.Release_Lib_VC142|x64.Build.0 = Release|x64
		{FC9A1EE6-D9DB-47F6-B0ED-8867439C43CE}.Release_VC142|x64.ActiveCfg = Release|x64
		{FC9A1EE6-D9DB-47F6-B0ED-8867439C43CE}.Release_VC142|x64.Build.0 = Release|x64
		{FC9A1EE6-D9DB-47F6-B0ED-8867439C43CE}.Release|x64.ActiveCfg = Release|x64
		{FC9A1EE6-D9DB-47F6-B0ED-8867439C43CE}.Release|x64.Build.0 = Release|x64
		{472E19AB-DEF0-42DF-819B-18722E8DC822}.Debug_Lib_VC142|x64.ActiveCfg = Debug_VC142|x64
		{472E19AB-DEF0-42DF-819B-18722E8DC822}.Debug_Lib_VC142|x64.Build.0 = Debug_VC142|x64
		{472E19AB-DEF0-42DF-819B-18722E8DC822}.Debug_VC142|x64.ActiveCfg = Debug_VC142|x64
		{472E19AB-DEF0-42DF-819B-18722E8DC822}.Debug_VC142|x64.Build.0 = Debug_VC142|x64
		{472E19AB-DEF0-42DF-819B-18722E8DC822}.Debug|x64.ActiveCfg = Debug|x64
		{472E19AB-DEF0-42DF-819B-18722E8DC822}.Debug|x64.Build.0 = Debug|x64
		{472E19AB-DEF0-42DF-819B-18722E8DC822}.Release_Lib_VC142|x64.ActiveCfg = Release_VC142|x64
		{472E19AB-DEF0-42DF-819B-18722E8DC822}.Release_Lib_VC142|x64.Build.0 = Release_VC142|x64
		{472E19AB-DEF0-42DF-819B-18722E8DC822}.Release_VC142|x64.ActiveCfg = Release_VC142|x64
		{472E19AB-DEF0-42DF-819B-18722E8DC822}.Release_VC142|x64.Build.0 = Release_VC142|x64
		{472E19AB-DEF0-42DF-819B-18722E8DC822}.Release|x64.ActiveCfg = Release|x64
		{472E19AB-DEF0-42DF-819B-18722E8DC822}.Release|x64.Build.0 = Release|x64
		{5FD1C08D-DB80-480C-A1C6-F0920005CD13}.Debug_Lib_VC142|x64.ActiveCfg = Debug_VC142|x64
		{5FD1C08D-DB80-480C-A1C6-F0920005CD13}.Debug_Lib_VC142|x64.Build.0 = Debug_VC142|x64
		{5FD1C08D-DB80-480C-A1C6-F0920005CD13}.Debug_VC142|x64.ActiveCfg = Debug_VC142|x64
		{5FD1C08D-DB80-480C-A1C6-F0920005CD13}.Debug_VC142|x64.Build.0 = Debug_VC142|x64
		{5FD1C08D-DB80-480C-A1C6-F0920005CD13}.Debug|x64.ActiveCfg = Debug|x64
		{5FD1C08D-DB80-480C-A1C6-F0920005CD13}.Debug|x64.Build.0 = Debug|x64
		{5FD1C08D-DB80-480C-A1C6-F0920005CD13}.Release_Lib_VC142|x64.ActiveCfg = Release_VC142|x64
		{5FD1C08D-DB80-480C-A1C6-F0920005CD13}.Release_Lib_VC142|x64.Build.0 = Release_VC142|x64
		{5FD1C08D-DB80-480C-A1C6-F0920005CD13}.Release_VC142|x64.ActiveCfg = Release_VC142|x64
		{5FD1C08D-DB80-480C-A1C6-F0920005CD13}.Release_VC142|x64.Build.0 = Release_VC142|x64
		{5FD1C08D-DB80-480C-A1C6-F0920005CD13}.Release|x64.ActiveCfg = Release|x64
		{5FD1C08D-DB80-480C-A1C6-F0920005CD13}.Release|x64.Build.0 = Release|x64
		{7028B79C-06E3-4D9A-B38C-1DC3680B1BDB}.Debug_Lib_VC142|x64.ActiveCfg = Debug_Lib_VC142|x64
		{7028B79C-06E3-4D9A-B38C-1DC3680B1BDB}.Debug_Lib_VC142|x64.Build.0 = Debug_Lib_VC142|x64
		{7028B79C-06E3-4D9A-B38C-1DC3680B1BDB}.Debug_VC142|x64.ActiveCfg = Debug_VC142|x64
		{7028B79C-06E3-4D9A-B38C-1DC3680B1BDB}.Debug_VC142|x64.Build.0 = Debug_VC142|x64
		{7028B79C-06E3-4D9A-B38C-1DC3680B1BDB}.Debug|x64.ActiveCfg = Debug|x64
		{7028B79C-06E3-4D9A-B38C-1DC3680B1BDB}.Debug|x64.Build.0 = Debug|x64
		{7028B79C-06E3-4D9A-B38C-1DC3680B1BDB}.Release_Lib_VC142|x64.ActiveCfg = Release_Lib_VC142|x64
		{7028B79C-06E3-4D9A-B38C-1DC3680B1BDB}.Release_Lib_VC142|x64.Build.0 = Release_Lib_VC142|x64
		{7028B79C-06E3-4D9A-B38C-1DC3680B1BDB}.Release_VC142|x64.ActiveCfg = Release_VC142|x64
		{7028B79C-06E3-4D9A-B38C-1DC3680B1BDB}.Release_VC142|x64.Build.0 = Release_VC142|x64
		{7028B79C-06E3-4D9A-B38C-1DC3680B1BDB}.Release|x64.ActiveCfg = Release|x64
		{7028B79C-06E3-4D9A-B38C-1DC3680B1BDB}.Release|x64.Build.0 = Release|x64
	EndGlobalSection
	GlobalSection(SolutionProperties) = preSolution
		HideSolutionNode = FALSE
	EndGlobalSection
	GlobalSection(ExtensibilityGlobals) = postSolution
		SolutionGuid = {9F2D4AA6-BCAA-4751-989B-AF43AB36B122}
	EndGlobalSection
EndGlobal
