<?xml version="1.0" encoding="utf-8"?>
<Project ToolsVersion="4.0" xmlns="http://schemas.microsoft.com/developer/msbuild/2003">
  <ItemGroup>
    <ResourceCompile Include="Resource.rc" />
  </ItemGroup>
  <ItemGroup>
    <None Include="exports.def" />
  </ItemGroup>
  <ItemGroup>
    <Filter Include="api">
      <UniqueIdentifier>{8bf218e2-3d63-491e-94c5-aae693fd9d86}</UniqueIdentifier>
    </Filter>
    <Filter Include="scaleform">
      <UniqueIdentifier>{ab7f4aef-f919-42bc-b9a8-c3495df8d8a9}</UniqueIdentifier>
    </Filter>
    <Filter Include="netimmerse">
      <UniqueIdentifier>{41a2587f-f177-4e28-a60b-c218c0dfff02}</UniqueIdentifier>
    </Filter>
  </ItemGroup>
  <ItemGroup>
    <ClInclude Include="..\skse64\GameEvents.h">
      <Filter>api</Filter>
    </ClInclude>
    <ClInclude Include="..\skse64\GameAPI.h">
      <Filter>api</Filter>
    </ClInclude>
    <ClInclude Include="..\skse64\GameData.h">
      <Filter>api</Filter>
    </ClInclude>
    <ClInclude Include="..\skse64\GameRTTI.h">
      <Filter>api</Filter>
    </ClInclude>
    <ClInclude Include="..\skse64\GameTypes.h">
      <Filter>api</Filter>
    </ClInclude>
    <ClInclude Include="..\skse64\ScaleformVM.h">
      <Filter>scaleform</Filter>
    </ClInclude>
    <ClInclude Include="..\skse64\ScaleformAPI.h">
      <Filter>scaleform</Filter>
    </ClInclude>
    <ClInclude Include="..\skse64\ScaleformCallbacks.h">
      <Filter>scaleform</Filter>
    </ClInclude>
    <ClInclude Include="..\skse64\ScaleformTypes.h">
      <Filter>scaleform</Filter>
    </ClInclude>
    <ClInclude Include="..\skse64\ScaleformValue.h">
      <Filter>scaleform</Filter>
    </ClInclude>
    <ClInclude Include="..\skse64\GameObjects.h">
      <Filter>api</Filter>
    </ClInclude>
    <ClInclude Include="..\skse64\GameReferences.h">
      <Filter>api</Filter>
    </ClInclude>
    <ClInclude Include="..\skse64\NiObjects.h">
      <Filter>netimmerse</Filter>
    </ClInclude>
    <ClInclude Include="..\skse64\NiTypes.h">
      <Filter>netimmerse</Filter>
    </ClInclude>
    <ClInclude Include="..\skse64\GameExtraData.h">
      <Filter>api</Filter>
    </ClInclude>
    <ClInclude Include="..\skse64\GameFormComponents.h">
      <Filter>api</Filter>
    </ClInclude>
    <ClInclude Include="..\skse64\GameForms.h">
      <Filter>api</Filter>
    </ClInclude>
    <ClInclude Include="..\skse64\GameBSExtraData.h">
      <Filter>api</Filter>
    </ClInclude>
    <ClInclude Include="..\..\skse\skse\HashUtil.h">
      <Filter>api</Filter>
    </ClInclude>
  </ItemGroup>
  <ItemGroup>
    <ClCompile Include="..\skse64\GameAPI.cpp">
      <Filter>api</Filter>
    </ClCompile>
    <ClCompile Include="..\skse64\GameData.cpp">
      <Filter>api</Filter>
    </ClCompile>
    <ClCompile Include="..\skse64\GameEvents.cpp">
      <Filter>api</Filter>
    </ClCompile>
    <ClCompile Include="..\skse64\GameRTTI.cpp">
      <Filter>api</Filter>
    </ClCompile>
    <ClCompile Include="..\skse64\GameTypes.cpp">
      <Filter>api</Filter>
    </ClCompile>
    <ClCompile Include="..\skse64\ScaleformVM.cpp">
      <Filter>scaleform</Filter>
    </ClCompile>
    <ClCompile Include="..\skse64\ScaleformAPI.cpp">
      <Filter>scaleform</Filter>
    </ClCompile>
    <ClCompile Include="..\skse64\ScaleformCallbacks.cpp">
      <Filter>scaleform</Filter>
    </ClCompile>
    <ClCompile Include="..\skse64\ScaleformTypes.cpp">
      <Filter>scaleform</Filter>
    </ClCompile>
    <ClCompile Include="..\skse64\ScaleformValue.cpp">
      <Filter>scaleform</Filter>
    </ClCompile>
    <ClCompile Include="..\skse64\GameObjects.cpp">
      <Filter>api</Filter>
    </ClCompile>
    <ClCompile Include="..\skse64\GameReferences.cpp">
      <Filter>api</Filter>
    </ClCompile>
    <ClCompile Include="..\skse64\NiObjects.cpp">
      <Filter>netimmerse</Filter>
    </ClCompile>
    <ClCompile Include="..\skse64\NiTypes.cpp">
      <Filter>netimmerse</Filter>
    </ClCompile>
    <ClCompile Include="..\skse64\GameExtraData.cpp">
      <Filter>api</Filter>
    </ClCompile>
    <ClCompile Include="..\skse64\GameFormComponents.cpp">
      <Filter>api</Filter>
    </ClCompile>
    <ClCompile Include="..\skse64\GameForms.cpp">
      <Filter>api</Filter>
    </ClCompile>
    <ClCompile Include="..\skse64\GameBSExtraData.cpp">
      <Filter>api</Filter>
    </ClCompile>
    <ClCompile Include="..\..\skse\skse\HashUtil.cpp">
      <Filter>api</Filter>
    </ClCompile>
  </ItemGroup>
</Project>